
Microsoft Visual Studio Solution File, Format Version 12.00
# Visual Studio Version 16
VisualStudioVersion = 16.0.31605.320
MinimumVisualStudioVersion = 10.0.40219.1
Project("{FAE04EC0-301F-11D3-BF4B-00C04F79EFBC}") = "Wevo", "Wevo\Wevo.csproj", "{FEE9198F-A40D-4601-AA81-0C0728DCDC95}"
EndProject
Global
	GlobalSection(SolutionConfigurationPlatforms) = preSolution
		Debug|Any CPU = Debug|Any CPU
		Release|Any CPU = Release|Any CPU
	EndGlobalSection
	GlobalSection(ProjectConfigurationPlatforms) = postSolution
		{FEE9198F-A40D-4601-AA81-0C0728DCDC95}.Debug|Any CPU.ActiveCfg = Debug|Any CPU
		{FEE9198F-A40D-4601-AA81-0C0728DCDC95}.Debug|Any CPU.Build.0 = Debug|Any CPU
		{FEE9198F-A40D-4601-AA81-0C0728DCDC95}.Release|Any CPU.ActiveCfg = Release|Any CPU
		{FEE9198F-A40D-4601-AA81-0C0728DCDC95}.Release|Any CPU.Build.0 = Release|Any CPU
	EndGlobalSection
	GlobalSection(SolutionProperties) = preSolution
		HideSolutionNode = FALSE
	EndGlobalSection
	GlobalSection(ExtensibilityGlobals) = postSolution
		SolutionGuid = {1695DB06-1133-4821-BA28-B8D128D5B1F1}
	EndGlobalSection
EndGlobal
